// !$*UTF8*$!
{
	archiveVersion = 1;
	classes = {
	};
	objectVersion = 55;
	objects = {

/* Begin PBXBuildFile section */
		CBCAA37328B408F800FBE20A /* AppDelegate.swift in Sources */ = {isa = PBXBuildFile; fileRef = CBCAA37228B408F800FBE20A /* AppDelegate.swift */; };
		CBCAA37528B408F800FBE20A /* SceneDelegate.swift in Sources */ = {isa = PBXBuildFile; fileRef = CBCAA37428B408F800FBE20A /* SceneDelegate.swift */; };
		CBCAA37728B408F800FBE20A /* ViewController.swift in Sources */ = {isa = PBXBuildFile; fileRef = CBCAA37628B408F800FBE20A /* ViewController.swift */; };
		CBCAA37A28B408F800FBE20A /* Main.storyboard in Resources */ = {isa = PBXBuildFile; fileRef = CBCAA37828B408F800FBE20A /* Main.storyboard */; };
		CBCAA37C28B408FB00FBE20A /* Assets.xcassets in Resources */ = {isa = PBXBuildFile; fileRef = CBCAA37B28B408FB00FBE20A /* Assets.xcassets */; };
		CBCAA37F28B408FB00FBE20A /* LaunchScreen.storyboard in Resources */ = {isa = PBXBuildFile; fileRef = CBCAA37D28B408FB00FBE20A /* LaunchScreen.storyboard */; };
		CBCAA38A28B408FB00FBE20A /* preworkTests.swift in Sources */ = {isa = PBXBuildFile; fileRef = CBCAA38928B408FB00FBE20A /* preworkTests.swift */; };
		CBCAA39428B408FB00FBE20A /* preworkUITests.swift in Sources */ = {isa = PBXBuildFile; fileRef = CBCAA39328B408FB00FBE20A /* preworkUITests.swift */; };
		CBCAA39628B408FB00FBE20A /* preworkUITestsLaunchTests.swift in Sources */ = {isa = PBXBuildFile; fileRef = CBCAA39528B408FB00FBE20A /* preworkUITestsLaunchTests.swift */; };
/* End PBXBuildFile section */

/* Begin PBXContainerItemProxy section */
		CBCAA38628B408FB00FBE20A /* PBXContainerItemProxy */ = {
			isa = PBXContainerItemProxy;
			containerPortal = CBCAA36728B408F800FBE20A /* Project object */;
			proxyType = 1;
			remoteGlobalIDString = CBCAA36E28B408F800FBE20A;
			remoteInfo = prework;
		};
		CBCAA39028B408FB00FBE20A /* PBXContainerItemProxy */ = {
			isa = PBXContainerItemProxy;
			containerPortal = CBCAA36728B408F800FBE20A /* Project object */;
			proxyType = 1;
			remoteGlobalIDString = CBCAA36E28B408F800FBE20A;
			remoteInfo = prework;
		};
/* End PBXContainerItemProxy section */

/* Begin PBXFileReference section */
		CBCAA36F28B408F800FBE20A /* prework.app */ = {isa = PBXFileReference; explicitFileType = wrapper.application; includeInIndex = 0; path = prework.app; sourceTree = BUILT_PRODUCTS_DIR; };
		CBCAA37228B408F800FBE20A /* AppDelegate.swift */ = {isa = PBXFileReference; lastKnownFileType = sourcecode.swift; path = AppDelegate.swift; sourceTree = "<group>"; };
		CBCAA37428B408F800FBE20A /* SceneDelegate.swift */ = {isa = PBXFileReference; lastKnownFileType = sourcecode.swift; path = SceneDelegate.swift; sourceTree = "<group>"; };
		CBCAA37628B408F800FBE20A /* ViewController.swift */ = {isa = PBXFileReference; lastKnownFileType = sourcecode.swift; path = ViewController.swift; sourceTree = "<group>"; };
		CBCAA37928B408F800FBE20A /* Base */ = {isa = PBXFileReference; lastKnownFileType = file.storyboard; name = Base; path = Base.lproj/Main.storyboard; sourceTree = "<group>"; };
		CBCAA37B28B408FB00FBE20A /* Assets.xcassets */ = {isa = PBXFileReference; lastKnownFileType = folder.assetcatalog; path = Assets.xcassets; sourceTree = "<group>"; };
		CBCAA37E28B408FB00FBE20A /* Base */ = {isa = PBXFileReference; lastKnownFileType = file.storyboard; name = Base; path = Base.lproj/LaunchScreen.storyboard; sourceTree = "<group>"; };
		CBCAA38028B408FB00FBE20A /* Info.plist */ = {isa = PBXFileReference; lastKnownFileType = text.plist.xml; path = Info.plist; sourceTree = "<group>"; };
		CBCAA38528B408FB00FBE20A /* preworkTests.xctest */ = {isa = PBXFileReference; explicitFileType = wrapper.cfbundle; includeInIndex = 0; path = preworkTests.xctest; sourceTree = BUILT_PRODUCTS_DIR; };
		CBCAA38928B408FB00FBE20A /* preworkTests.swift */ = {isa = PBXFileReference; lastKnownFileType = sourcecode.swift; path = preworkTests.swift; sourceTree = "<group>"; };
		CBCAA38F28B408FB00FBE20A /* preworkUITests.xctest */ = {isa = PBXFileReference; explicitFileType = wrapper.cfbundle; includeInIndex = 0; path = preworkUITests.xctest; sourceTree = BUILT_PRODUCTS_DIR; };
		CBCAA39328B408FB00FBE20A /* preworkUITests.swift */ = {isa = PBXFileReference; lastKnownFileType = sourcecode.swift; path = preworkUITests.swift; sourceTree = "<group>"; };
		CBCAA39528B408FB00FBE20A /* preworkUITestsLaunchTests.swift */ = {isa = PBXFileReference; lastKnownFileType = sourcecode.swift; path = preworkUITestsLaunchTests.swift; sourceTree = "<group>"; };
/* End PBXFileReference section */

/* Begin PBXFrameworksBuildPhase section */
		CBCAA36C28B408F800FBE20A /* Frameworks */ = {
			isa = PBXFrameworksBuildPhase;
			buildActionMask = 2147483647;
			files = (
			);
			runOnlyForDeploymentPostprocessing = 0;
		};
		CBCAA38228B408FB00FBE20A /* Frameworks */ = {
			isa = PBXFrameworksBuildPhase;
			buildActionMask = 2147483647;
			files = (
			);
			runOnlyForDeploymentPostprocessing = 0;
		};
		CBCAA38C28B408FB00FBE20A /* Frameworks */ = {
			isa = PBXFrameworksBuildPhase;
			buildActionMask = 2147483647;
			files = (
			);
			runOnlyForDeploymentPostprocessing = 0;
		};
/* End PBXFrameworksBuildPhase section */

/* Begin PBXGroup section */
		CBCAA36628B408F800FBE20A = {
			isa = PBXGroup;
			children = (
				CBCAA37128B408F800FBE20A /* prework */,
				CBCAA38828B408FB00FBE20A /* preworkTests */,
				CBCAA39228B408FB00FBE20A /* preworkUITests */,
				CBCAA37028B408F800FBE20A /* Products */,
			);
			sourceTree = "<group>";
		};
		CBCAA37028B408F800FBE20A /* Products */ = {
			isa = PBXGroup;
			children = (
				CBCAA36F28B408F800FBE20A /* prework.app */,
				CBCAA38528B408FB00FBE20A /* preworkTests.xctest */,
				CBCAA38F28B408FB00FBE20A /* preworkUITests.xctest */,
			);
			name = Products;
			sourceTree = "<group>";
		};
		CBCAA37128B408F800FBE20A /* prework */ = {
			isa = PBXGroup;
			children = (
				CBCAA37228B408F800FBE20A /* AppDelegate.swift */,
				CBCAA37428B408F800FBE20A /* SceneDelegate.swift */,
				CBCAA37628B408F800FBE20A /* ViewController.swift */,
				CBCAA37828B408F800FBE20A /* Main.storyboard */,
				CBCAA37B28B408FB00FBE20A /* Assets.xcassets */,
				CBCAA37D28B408FB00FBE20A /* LaunchScreen.storyboard */,
				CBCAA38028B408FB00FBE20A /* Info.plist */,
			);
			path = prework;
			sourceTree = "<group>";
		};
		CBCAA38828B408FB00FBE20A /* preworkTests */ = {
			isa = PBXGroup;
			children = (
				CBCAA38928B408FB00FBE20A /* preworkTests.swift */,
			);
			path = preworkTests;
			sourceTree = "<group>";
		};
		CBCAA39228B408FB00FBE20A /* preworkUITests */ = {
			isa = PBXGroup;
			children = (
				CBCAA39328B408FB00FBE20A /* preworkUITests.swift */,
				CBCAA39528B408FB00FBE20A /* preworkUITestsLaunchTests.swift */,
			);
			path = preworkUITests;
			sourceTree = "<group>";
		};
/* End PBXGroup section */

/* Begin PBXNativeTarget section */
		CBCAA36E28B408F800FBE20A /* prework */ = {
			isa = PBXNativeTarget;
			buildConfigurationList = CBCAA39928B408FB00FBE20A /* Build configuration list for PBXNativeTarget "prework" */;
			buildPhases = (
				CBCAA36B28B408F800FBE20A /* Sources */,
				CBCAA36C28B408F800FBE20A /* Frameworks */,
				CBCAA36D28B408F800FBE20A /* Resources */,
			);
			buildRules = (
			);
			dependencies = (
			);
			name = prework;
			productName = prework;
			productReference = CBCAA36F28B408F800FBE20A /* prework.app */;
			productType = "com.apple.product-type.application";
		};
		CBCAA38428B408FB00FBE20A /* preworkTests */ = {
			isa = PBXNativeTarget;
			buildConfigurationList = CBCAA39C28B408FB00FBE20A /* Build configuration list for PBXNativeTarget "preworkTests" */;
			buildPhases = (
				CBCAA38128B408FB00FBE20A /* Sources */,
				CBCAA38228B408FB00FBE20A /* Frameworks */,
				CBCAA38328B408FB00FBE20A /* Resources */,
			);
			buildRules = (
			);
			dependencies = (
				CBCAA38728B408FB00FBE20A /* PBXTargetDependency */,
			);
			name = preworkTests;
			productName = preworkTests;
			productReference = CBCAA38528B408FB00FBE20A /* preworkTests.xctest */;
			productType = "com.apple.product-type.bundle.unit-test";
		};
		CBCAA38E28B408FB00FBE20A /* preworkUITests */ = {
			isa = PBXNativeTarget;
			buildConfigurationList = CBCAA39F28B408FB00FBE20A /* Build configuration list for PBXNativeTarget "preworkUITests" */;
			buildPhases = (
				CBCAA38B28B408FB00FBE20A /* Sources */,
				CBCAA38C28B408FB00FBE20A /* Frameworks */,
				CBCAA38D28B408FB00FBE20A /* Resources */,
			);
			buildRules = (
			);
			dependencies = (
				CBCAA39128B408FB00FBE20A /* PBXTargetDependency */,
			);
			name = preworkUITests;
			productName = preworkUITests;
			productReference = CBCAA38F28B408FB00FBE20A /* preworkUITests.xctest */;
			productType = "com.apple.product-type.bundle.ui-testing";
		};
/* End PBXNativeTarget section */

/* Begin PBXProject section */
		CBCAA36728B408F800FBE20A /* Project object */ = {
			isa = PBXProject;
			attributes = {
				BuildIndependentTargetsInParallel = 1;
				LastSwiftUpdateCheck = 1340;
				LastUpgradeCheck = 1340;
				TargetAttributes = {
					CBCAA36E28B408F800FBE20A = {
						CreatedOnToolsVersion = 13.4.1;
					};
					CBCAA38428B408FB00FBE20A = {
						CreatedOnToolsVersion = 13.4.1;
						TestTargetID = CBCAA36E28B408F800FBE20A;
					};
					CBCAA38E28B408FB00FBE20A = {
						CreatedOnToolsVersion = 13.4.1;
						TestTargetID = CBCAA36E28B408F800FBE20A;
					};
				};
			};
			buildConfigurationList = CBCAA36A28B408F800FBE20A /* Build configuration list for PBXProject "prework" */;
			compatibilityVersion = "Xcode 13.0";
			developmentRegion = en;
			hasScannedForEncodings = 0;
			knownRegions = (
				en,
				Base,
			);
			mainGroup = CBCAA36628B408F800FBE20A;
			productRefGroup = CBCAA37028B408F800FBE20A /* Products */;
			projectDirPath = "";
			projectRoot = "";
			targets = (
				CBCAA36E28B408F800FBE20A /* prework */,
				CBCAA38428B408FB00FBE20A /* preworkTests */,
				CBCAA38E28B408FB00FBE20A /* preworkUITests */,
			);
		};
/* End PBXProject section */

/* Begin PBXResourcesBuildPhase section */
		CBCAA36D28B408F800FBE20A /* Resources */ = {
			isa = PBXResourcesBuildPhase;
			buildActionMask = 2147483647;
			files = (
				CBCAA37F28B408FB00FBE20A /* LaunchScreen.storyboard in Resources */,
				CBCAA37C28B408FB00FBE20A /* Assets.xcassets in Resources */,
				CBCAA37A28B408F800FBE20A /* Main.storyboard in Resources */,
			);
			runOnlyForDeploymentPostprocessing = 0;
		};
		CBCAA38328B408FB00FBE20A /* Resources */ = {
			isa = PBXResourcesBuildPhase;
			buildActionMask = 2147483647;
			files = (
			);
			runOnlyForDeploymentPostprocessing = 0;
		};
		CBCAA38D28B408FB00FBE20A /* Resources */ = {
			isa = PBXResourcesBuildPhase;
			buildActionMask = 2147483647;
			files = (
			);
			runOnlyForDeploymentPostprocessing = 0;
		};
/* End PBXResourcesBuildPhase section */

/* Begin PBXSourcesBuildPhase section */
		CBCAA36B28B408F800FBE20A /* Sources */ = {
			isa = PBXSourcesBuildPhase;
			buildActionMask = 2147483647;
			files = (
				CBCAA37728B408F800FBE20A /* ViewController.swift in Sources */,
				CBCAA37328B408F800FBE20A /* AppDelegate.swift in Sources */,
				CBCAA37528B408F800FBE20A /* SceneDelegate.swift in Sources */,
			);
			runOnlyForDeploymentPostprocessing = 0;
		};
		CBCAA38128B408FB00FBE20A /* Sources */ = {
			isa = PBXSourcesBuildPhase;
			buildActionMask = 2147483647;
			files = (
				CBCAA38A28B408FB00FBE20A /* preworkTests.swift in Sources */,
			);
			runOnlyForDeploymentPostprocessing = 0;
		};
		CBCAA38B28B408FB00FBE20A /* Sources */ = {
			isa = PBXSourcesBuildPhase;
			buildActionMask = 2147483647;
			files = (
				CBCAA39428B408FB00FBE20A /* preworkUITests.swift in Sources */,
				CBCAA39628B408FB00FBE20A /* preworkUITestsLaunchTests.swift in Sources */,
			);
			runOnlyForDeploymentPostprocessing = 0;
		};
/* End PBXSourcesBuildPhase section */

/* Begin PBXTargetDependency section */
		CBCAA38728B408FB00FBE20A /* PBXTargetDependency */ = {
			isa = PBXTargetDependency;
			target = CBCAA36E28B408F800FBE20A /* prework */;
			targetProxy = CBCAA38628B408FB00FBE20A /* PBXContainerItemProxy */;
		};
		CBCAA39128B408FB00FBE20A /* PBXTargetDependency */ = {
			isa = PBXTargetDependency;
			target = CBCAA36E28B408F800FBE20A /* prework */;
			targetProxy = CBCAA39028B408FB00FBE20A /* PBXContainerItemProxy */;
		};
/* End PBXTargetDependency section */

/* Begin PBXVariantGroup section */
		CBCAA37828B408F800FBE20A /* Main.storyboard */ = {
			isa = PBXVariantGroup;
			children = (
				CBCAA37928B408F800FBE20A /* Base */,
			);
			name = Main.storyboard;
			sourceTree = "<group>";
		};
		CBCAA37D28B408FB00FBE20A /* LaunchScreen.storyboard */ = {
			isa = PBXVariantGroup;
			children = (
				CBCAA37E28B408FB00FBE20A /* Base */,
			);
			name = LaunchScreen.storyboard;
			sourceTree = "<group>";
		};
/* End PBXVariantGroup section */

/* Begin XCBuildConfiguration section */
		CBCAA39728B408FB00FBE20A /* Debug */ = {
			isa = XCBuildConfiguration;
			buildSettings = {
				ALWAYS_SEARCH_USER_PATHS = NO;
				CLANG_ANALYZER_NONNULL = YES;
				CLANG_ANALYZER_NUMBER_OBJECT_CONVERSION = YES_AGGRESSIVE;
				CLANG_CXX_LANGUAGE_STANDARD = "gnu++17";
				CLANG_ENABLE_MODULES = YES;
				CLANG_ENABLE_OBJC_ARC = YES;
				CLANG_ENABLE_OBJC_WEAK = YES;
				CLANG_WARN_BLOCK_CAPTURE_AUTORELEASING = YES;
				CLANG_WARN_BOOL_CONVERSION = YES;
				CLANG_WARN_COMMA = YES;
				CLANG_WARN_CONSTANT_CONVERSION = YES;
				CLANG_WARN_DEPRECATED_OBJC_IMPLEMENTATIONS = YES;
				CLANG_WARN_DIRECT_OBJC_ISA_USAGE = YES_ERROR;
				CLANG_WARN_DOCUMENTATION_COMMENTS = YES;
				CLANG_WARN_EMPTY_BODY = YES;
				CLANG_WARN_ENUM_CONVERSION = YES;
				CLANG_WARN_INFINITE_RECURSION = YES;
				CLANG_WARN_INT_CONVERSION = YES;
				CLANG_WARN_NON_LITERAL_NULL_CONVERSION = YES;
				CLANG_WARN_OBJC_IMPLICIT_RETAIN_SELF = YES;
				CLANG_WARN_OBJC_LITERAL_CONVERSION = YES;
				CLANG_WARN_OBJC_ROOT_CLASS = YES_ERROR;
				CLANG_WARN_QUOTED_INCLUDE_IN_FRAMEWORK_HEADER = YES;
				CLANG_WARN_RANGE_LOOP_ANALYSIS = YES;
				CLANG_WARN_STRICT_PROTOTYPES = YES;
				CLANG_WARN_SUSPICIOUS_MOVE = YES;
				CLANG_WARN_UNGUARDED_AVAILABILITY = YES_AGGRESSIVE;
				CLANG_WARN_UNREACHABLE_CODE = YES;
				CLANG_WARN__DUPLICATE_METHOD_MATCH = YES;
				COPY_PHASE_STRIP = NO;
				DEBUG_INFORMATION_FORMAT = dwarf;
				ENABLE_STRICT_OBJC_MSGSEND = YES;
				ENABLE_TESTABILITY = YES;
				GCC_C_LANGUAGE_STANDARD = gnu11;
				GCC_DYNAMIC_NO_PIC = NO;
				GCC_NO_COMMON_BLOCKS = YES;
				GCC_OPTIMIZATION_LEVEL = 0;
				GCC_PREPROCESSOR_DEFINITIONS = (
					"DEBUG=1",
					"$(inherited)",
				);
				GCC_WARN_64_TO_32_BIT_CONVERSION = YES;
				GCC_WARN_ABOUT_RETURN_TYPE = YES_ERROR;
				GCC_WARN_UNDECLARED_SELECTOR = YES;
				GCC_WARN_UNINITIALIZED_AUTOS = YES_AGGRESSIVE;
				GCC_WARN_UNUSED_FUNCTION = YES;
				GCC_WARN_UNUSED_VARIABLE = YES;
				IPHONEOS_DEPLOYMENT_TARGET = 15.5;
				MTL_ENABLE_DEBUG_INFO = INCLUDE_SOURCE;
				MTL_FAST_MATH = YES;
				ONLY_ACTIVE_ARCH = YES;
				SDKROOT = iphoneos;
				SWIFT_ACTIVE_COMPILATION_CONDITIONS = DEBUG;
				SWIFT_OPTIMIZATION_LEVEL = "-Onone";
			};
			name = Debug;
		};
		CBCAA39828B408FB00FBE20A /* Release */ = {
			isa = XCBuildConfiguration;
			buildSettings = {
				ALWAYS_SEARCH_USER_PATHS = NO;
				CLANG_ANALYZER_NONNULL = YES;
				CLANG_ANALYZER_NUMBER_OBJECT_CONVERSION = YES_AGGRESSIVE;
				CLANG_CXX_LANGUAGE_STANDARD = "gnu++17";
				CLANG_ENABLE_MODULES = YES;
				CLANG_ENABLE_OBJC_ARC = YES;
				CLANG_ENABLE_OBJC_WEAK = YES;
				CLANG_WARN_BLOCK_CAPTURE_AUTORELEASING = YES;
				CLANG_WARN_BOOL_CONVERSION = YES;
				CLANG_WARN_COMMA = YES;
				CLANG_WARN_CONSTANT_CONVERSION = YES;
				CLANG_WARN_DEPRECATED_OBJC_IMPLEMENTATIONS = YES;
				CLANG_WARN_DIRECT_OBJC_ISA_USAGE = YES_ERROR;
				CLANG_WARN_DOCUMENTATION_COMMENTS = YES;
				CLANG_WARN_EMPTY_BODY = YES;
				CLANG_WARN_ENUM_CONVERSION = YES;
				CLANG_WARN_INFINITE_RECURSION = YES;
				CLANG_WARN_INT_CONVERSION = YES;
				CLANG_WARN_NON_LITERAL_NULL_CONVERSION = YES;
				CLANG_WARN_OBJC_IMPLICIT_RETAIN_SELF = YES;
				CLANG_WARN_OBJC_LITERAL_CONVERSION = YES;
				CLANG_WARN_OBJC_ROOT_CLASS = YES_ERROR;
				CLANG_WARN_QUOTED_INCLUDE_IN_FRAMEWORK_HEADER = YES;
				CLANG_WARN_RANGE_LOOP_ANALYSIS = YES;
				CLANG_WARN_STRICT_PROTOTYPES = YES;
				CLANG_WARN_SUSPICIOUS_MOVE = YES;
				CLANG_WARN_UNGUARDED_AVAILABILITY = YES_AGGRESSIVE;
				CLANG_WARN_UNREACHABLE_CODE = YES;
				CLANG_WARN__DUPLICATE_METHOD_MATCH = YES;
				COPY_PHASE_STRIP = NO;
				DEBUG_INFORMATION_FORMAT = "dwarf-with-dsym";
				ENABLE_NS_ASSERTIONS = NO;
				ENABLE_STRICT_OBJC_MSGSEND = YES;
				GCC_C_LANGUAGE_STANDARD = gnu11;
				GCC_NO_COMMON_BLOCKS = YES;
				GCC_WARN_64_TO_32_BIT_CONVERSION = YES;
				GCC_WARN_ABOUT_RETURN_TYPE = YES_ERROR;
				GCC_WARN_UNDECLARED_SELECTOR = YES;
				GCC_WARN_UNINITIALIZED_AUTOS = YES_AGGRESSIVE;
				GCC_WARN_UNUSED_FUNCTION = YES;
				GCC_WARN_UNUSED_VARIABLE = YES;
				IPHONEOS_DEPLOYMENT_TARGET = 15.5;
				MTL_ENABLE_DEBUG_INFO = NO;
				MTL_FAST_MATH = YES;
				SDKROOT = iphoneos;
				SWIFT_COMPILATION_MODE = wholemodule;
				SWIFT_OPTIMIZATION_LEVEL = "-O";
				VALIDATE_PRODUCT = YES;
			};
			name = Release;
		};
		CBCAA39A28B408FB00FBE20A /* Debug */ = {
			isa = XCBuildConfiguration;
			buildSettings = {
				ASSETCATALOG_COMPILER_APPICON_NAME = AppIcon;
				ASSETCATALOG_COMPILER_GLOBAL_ACCENT_COLOR_NAME = AccentColor;
				CODE_SIGN_STYLE = Automatic;
				CURRENT_PROJECT_VERSION = 1;
				GENERATE_INFOPLIST_FILE = YES;
				INFOPLIST_FILE = prework/Info.plist;
				INFOPLIST_KEY_UIApplicationSupportsIndirectInputEvents = YES;
				INFOPLIST_KEY_UILaunchStoryboardName = LaunchScreen;
				INFOPLIST_KEY_UIMainStoryboardFile = Main;
				INFOPLIST_KEY_UISupportedInterfaceOrientations_iPad = "UIInterfaceOrientationPortrait UIInterfaceOrientationPortraitUpsideDown UIInterfaceOrientationLandscapeLeft UIInterfaceOrientationLandscapeRight";
				INFOPLIST_KEY_UISupportedInterfaceOrientations_iPhone = "UIInterfaceOrientationPortrait UIInterfaceOrientationLandscapeLeft UIInterfaceOrientationLandscapeRight";
				LD_RUNPATH_SEARCH_PATHS = (
					"$(inherited)",
					"@executable_path/Frameworks",
				);
				MARKETING_VERSION = 1.0;
				PRODUCT_BUNDLE_IDENTIFIER = memo.com.prework;
				PRODUCT_NAME = "$(TARGET_NAME)";
				SWIFT_EMIT_LOC_STRINGS = YES;
				SWIFT_VERSION = 5.0;
				TARGETED_DEVICE_FAMILY = "1,2";
			};
			name = Debug;
		};
		CBCAA39B28B408FB00FBE20A /* Release */ = {
			isa = XCBuildConfiguration;
			buildSettings = {
				ASSETCATALOG_COMPILER_APPICON_NAME = AppIcon;
				ASSETCATALOG_COMPILER_GLOBAL_ACCENT_COLOR_NAME = AccentColor;
				CODE_SIGN_STYLE = Automatic;
				CURRENT_PROJECT_VERSION = 1;
				GENERATE_INFOPLIST_FILE = YES;
				INFOPLIST_FILE = prework/Info.plist;
				INFOPLIST_KEY_UIApplicationSupportsIndirectInputEvents = YES;
				INFOPLIST_KEY_UILaunchStoryboardName = LaunchScreen;
				INFOPLIST_KEY_UIMainStoryboardFile = Main;
				INFOPLIST_KEY_UISupportedInterfaceOrientations_iPad = "UIInterfaceOrientationPortrait UIInterfaceOrientationPortraitUpsideDown UIInterfaceOrientationLandscapeLeft UIInterfaceOrientationLandscapeRight";
				INFOPLIST_KEY_UISupportedInterfaceOrientations_iPhone = "UIInterfaceOrientationPortrait UIInterfaceOrientationLandscapeLeft UIInterfaceOrientationLandscapeRight";
				LD_RUNPATH_SEARCH_PATHS = (
					"$(inherited)",
					"@executable_path/Frameworks",
				);
				MARKETING_VERSION = 1.0;
				PRODUCT_BUNDLE_IDENTIFIER = memo.com.prework;
				PRODUCT_NAME = "$(TARGET_NAME)";
				SWIFT_EMIT_LOC_STRINGS = YES;
				SWIFT_VERSION = 5.0;
				TARGETED_DEVICE_FAMILY = "1,2";
			};
			name = Release;
		};
		CBCAA39D28B408FB00FBE20A /* Debug */ = {
			isa = XCBuildConfiguration;
			buildSettings = {
				ALWAYS_EMBED_SWIFT_STANDARD_LIBRARIES = YES;
				BUNDLE_LOADER = "$(TEST_HOST)";
				CODE_SIGN_STYLE = Automatic;
				CURRENT_PROJECT_VERSION = 1;
				GENERATE_INFOPLIST_FILE = YES;
				IPHONEOS_DEPLOYMENT_TARGET = 15.5;
				MARKETING_VERSION = 1.0;
				PRODUCT_BUNDLE_IDENTIFIER = memo.com.preworkTests;
				PRODUCT_NAME = "$(TARGET_NAME)";
				SWIFT_EMIT_LOC_STRINGS = NO;
				SWIFT_VERSION = 5.0;
				TARGETED_DEVICE_FAMILY = "1,2";
				TEST_HOST = "$(BUILT_PRODUCTS_DIR)/prework.app/prework";
			};
			name = Debug;
		};
		CBCAA39E28B408FB00FBE20A /* Release */ = {
			isa = XCBuildConfiguration;
			buildSettings = {
				ALWAYS_EMBED_SWIFT_STANDARD_LIBRARIES = YES;
				BUNDLE_LOADER = "$(TEST_HOST)";
				CODE_SIGN_STYLE = Automatic;
				CURRENT_PROJECT_VERSION = 1;
				GENERATE_INFOPLIST_FILE = YES;
				IPHONEOS_DEPLOYMENT_TARGET = 15.5;
				MARKETING_VERSION = 1.0;
				PRODUCT_BUNDLE_IDENTIFIER = memo.com.preworkTests;
				PRODUCT_NAME = "$(TARGET_NAME)";
				SWIFT_EMIT_LOC_STRINGS = NO;
				SWIFT_VERSION = 5.0;
				TARGETED_DEVICE_FAMILY = "1,2";
				TEST_HOST = "$(BUILT_PRODUCTS_DIR)/prework.app/prework";
			};
			name = Release;
		};
		CBCAA3A028B408FB00FBE20A /* Debug */ = {
			isa = XCBuildConfiguration;
			buildSettings = {
				ALWAYS_EMBED_SWIFT_STANDARD_LIBRARIES = YES;
				CODE_SIGN_STYLE = Automatic;
				CURRENT_PROJECT_VERSION = 1;
				GENERATE_INFOPLIST_FILE = YES;
				MARKETING_VERSION = 1.0;
				PRODUCT_BUNDLE_IDENTIFIER = memo.com.preworkUITests;
				PRODUCT_NAME = "$(TARGET_NAME)";
				SWIFT_EMIT_LOC_STRINGS = NO;
				SWIFT_VERSION = 5.0;
				TARGETED_DEVICE_FAMILY = "1,2";
				TEST_TARGET_NAME = prework;
			};
			name = Debug;
		};
		CBCAA3A128B408FB00FBE20A /* Release */ = {
			isa = XCBuildConfiguration;
			buildSettings = {
				ALWAYS_EMBED_SWIFT_STANDARD_LIBRARIES = YES;
				CODE_SIGN_STYLE = Automatic;
				CURRENT_PROJECT_VERSION = 1;
				GENERATE_INFOPLIST_FILE = YES;
				MARKETING_VERSION = 1.0;
				PRODUCT_BUNDLE_IDENTIFIER = memo.com.preworkUITests;
				PRODUCT_NAME = "$(TARGET_NAME)";
				SWIFT_EMIT_LOC_STRINGS = NO;
				SWIFT_VERSION = 5.0;
				TARGETED_DEVICE_FAMILY = "1,2";
				TEST_TARGET_NAME = prework;
			};
			name = Release;
		};
/* End XCBuildConfiguration section */

/* Begin XCConfigurationList section */
		CBCAA36A28B408F800FBE20A /* Build configuration list for PBXProject "prework" */ = {
			isa = XCConfigurationList;
			buildConfigurations = (
				CBCAA39728B408FB00FBE20A /* Debug */,
				CBCAA39828B408FB00FBE20A /* Release */,
			);
			defaultConfigurationIsVisible = 0;
			defaultConfigurationName = Release;
		};
		CBCAA39928B408FB00FBE20A /* Build configuration list for PBXNativeTarget "prework" */ = {
			isa = XCConfigurationList;
			buildConfigurations = (
				CBCAA39A28B408FB00FBE20A /* Debug */,
				CBCAA39B28B408FB00FBE20A /* Release */,
			);
			defaultConfigurationIsVisible = 0;
			defaultConfigurationName = Release;
		};
		CBCAA39C28B408FB00FBE20A /* Build configuration list for PBXNativeTarget "preworkTests" */ = {
			isa = XCConfigurationList;
			buildConfigurations = (
				CBCAA39D28B408FB00FBE20A /* Debug */,
				CBCAA39E28B408FB00FBE20A /* Release */,
			);
			defaultConfigurationIsVisible = 0;
			defaultConfigurationName = Release;
		};
		CBCAA39F28B408FB00FBE20A /* Build configuration list for PBXNativeTarget "preworkUITests" */ = {
			isa = XCConfigurationList;
			buildConfigurations = (
				CBCAA3A028B408FB00FBE20A /* Debug */,
				CBCAA3A128B408FB00FBE20A /* Release */,
			);
			defaultConfigurationIsVisible = 0;
			defaultConfigurationName = Release;
		};
/* End XCConfigurationList section */
	};
	rootObject = CBCAA36728B408F800FBE20A /* Project object */;
}
